
Microsoft Visual Studio Solution File, Format Version 12.00
# Visual Studio 15
VisualStudioVersion = 15.0.28307.102
MinimumVisualStudioVersion = 10.0.40219.1
Project("{9A19103F-16F7-4668-BE54-9A1E7A4F7556}") = "WindowsUtils.Core", "src\WindowsUtils.Core\WindowsUtils.Core.csproj", "{2DAE5FC7-89D5-48D1-B933-3E715AEBC26E}"
EndProject
Project("{9A19103F-16F7-4668-BE54-9A1E7A4F7556}") = "WindowsUtils.Core.Tests", "src\WindowsUtils.Core.Tests\WindowsUtils.Core.Tests.csproj", "{49BEE543-3AB4-4F43-B57F-310D2BA47D4C}"
EndProject
Global
	GlobalSection(SolutionConfigurationPlatforms) = preSolution
		Debug|Any CPU = Debug|Any CPU
		Release|Any CPU = Release|Any CPU
	EndGlobalSection
	GlobalSection(ProjectConfigurationPlatforms) = postSolution
		{2DAE5FC7-89D5-48D1-B933-3E715AEBC26E}.Debug|Any CPU.ActiveCfg = Debug|Any CPU
		{2DAE5FC7-89D5-48D1-B933-3E715AEBC26E}.Debug|Any CPU.Build.0 = Debug|Any CPU
		{2DAE5FC7-89D5-48D1-B933-3E715AEBC26E}.Release|Any CPU.ActiveCfg = Release|Any CPU
		{2DAE5FC7-89D5-48D1-B933-3E715AEBC26E}.Release|Any CPU.Build.0 = Release|Any CPU
		{49BEE543-3AB4-4F43-B57F-310D2BA47D4C}.Debug|Any CPU.ActiveCfg = Debug|Any CPU
		{49BEE543-3AB4-4F43-B57F-310D2BA47D4C}.Debug|Any CPU.Build.0 = Debug|Any CPU
		{49BEE543-3AB4-4F43-B57F-310D2BA47D4C}.Release|Any CPU.ActiveCfg = Release|Any CPU
		{49BEE543-3AB4-4F43-B57F-310D2BA47D4C}.Release|Any CPU.Build.0 = Release|Any CPU
	EndGlobalSection
	GlobalSection(SolutionProperties) = preSolution
		HideSolutionNode = FALSE
	EndGlobalSection
	GlobalSection(ExtensibilityGlobals) = postSolution
		SolutionGuid = {8622D015-DA16-4E89-AEF3-A1A4126C40F6}
	EndGlobalSection
EndGlobal
